
Microsoft Visual Studio Solution File, Format Version 12.00
# Visual Studio Version 17
VisualStudioVersion = 17.0.31903.59
MinimumVisualStudioVersion = 10.0.40219.1
Project("{FAE04EC0-301F-11D3-BF4B-00C04F79EFBC}") = "DevOpsMcp", "DevOpsMcp.csproj", "{4588047E-BC0E-44A6-96EF-74EA3F3ABE31}"
EndProject
Project("{FAE04EC0-301F-11D3-BF4B-00C04F79EFBC}") = "DevOpsMcp.Tests", "DevOpsMcp.Tests\DevOpsMcp.Tests.csproj", "{0488C5FE-BCE8-4338-9714-33E27C66A1B2}"
EndProject
Project("{FAE04EC0-301F-11D3-BF4B-00C04F79EFBC}") = "DevOpsMcp.Application", "DevOpsMcp.Application\DevOpsMcp.Application.csproj", "{A1760584-B837-4443-A5AB-94F32E3498C1}"
EndProject
Global
	GlobalSection(SolutionConfigurationPlatforms) = preSolution
		Debug|Any CPU = Debug|Any CPU
		Debug|x64 = Debug|x64
		Debug|x86 = Debug|x86
		Release|Any CPU = Release|Any CPU
		Release|x64 = Release|x64
		Release|x86 = Release|x86
	EndGlobalSection
	GlobalSection(ProjectConfigurationPlatforms) = postSolution
		{4588047E-BC0E-44A6-96EF-74EA3F3ABE31}.Debug|Any CPU.ActiveCfg = Debug|Any CPU
		{4588047E-BC0E-44A6-96EF-74EA3F3ABE31}.Debug|Any CPU.Build.0 = Debug|Any CPU
		{4588047E-BC0E-44A6-96EF-74EA3F3ABE31}.Debug|x64.ActiveCfg = Debug|Any CPU
		{4588047E-BC0E-44A6-96EF-74EA3F3ABE31}.Debug|x64.Build.0 = Debug|Any CPU
		{4588047E-BC0E-44A6-96EF-74EA3F3ABE31}.Debug|x86.ActiveCfg = Debug|Any CPU
		{4588047E-BC0E-44A6-96EF-74EA3F3ABE31}.Debug|x86.Build.0 = Debug|Any CPU
		{4588047E-BC0E-44A6-96EF-74EA3F3ABE31}.Release|Any CPU.ActiveCfg = Release|Any CPU
		{4588047E-BC0E-44A6-96EF-74EA3F3ABE31}.Release|Any CPU.Build.0 = Release|Any CPU
		{4588047E-BC0E-44A6-96EF-74EA3F3ABE31}.Release|x64.ActiveCfg = Release|Any CPU
		{4588047E-BC0E-44A6-96EF-74EA3F3ABE31}.Release|x64.Build.0 = Release|Any CPU
		{4588047E-BC0E-44A6-96EF-74EA3F3ABE31}.Release|x86.ActiveCfg = Release|Any CPU
		{4588047E-BC0E-44A6-96EF-74EA3F3ABE31}.Release|x86.Build.0 = Release|Any CPU
		{0488C5FE-BCE8-4338-9714-33E27C66A1B2}.Debug|Any CPU.ActiveCfg = Debug|Any CPU
		{0488C5FE-BCE8-4338-9714-33E27C66A1B2}.Debug|Any CPU.Build.0 = Debug|Any CPU
		{0488C5FE-BCE8-4338-9714-33E27C66A1B2}.Debug|x64.ActiveCfg = Debug|Any CPU
		{0488C5FE-BCE8-4338-9714-33E27C66A1B2}.Debug|x64.Build.0 = Debug|Any CPU
		{0488C5FE-BCE8-4338-9714-33E27C66A1B2}.Debug|x86.ActiveCfg = Debug|Any CPU
		{0488C5FE-BCE8-4338-9714-33E27C66A1B2}.Debug|x86.Build.0 = Debug|Any CPU
		{0488C5FE-BCE8-4338-9714-33E27C66A1B2}.Release|Any CPU.ActiveCfg = Release|Any CPU
		{0488C5FE-BCE8-4338-9714-33E27C66A1B2}.Release|Any CPU.Build.0 = Release|Any CPU
		{0488C5FE-BCE8-4338-9714-33E27C66A1B2}.Release|x64.ActiveCfg = Release|Any CPU
		{0488C5FE-BCE8-4338-9714-33E27C66A1B2}.Release|x64.Build.0 = Release|Any CPU
		{0488C5FE-BCE8-4338-9714-33E27C66A1B2}.Release|x86.ActiveCfg = Release|Any CPU
		{0488C5FE-BCE8-4338-9714-33E27C66A1B2}.Release|x86.Build.0 = Release|Any CPU
		{A1760584-B837-4443-A5AB-94F32E3498C1}.Debug|Any CPU.ActiveCfg = Debug|Any CPU
		{A1760584-B837-4443-A5AB-94F32E3498C1}.Debug|Any CPU.Build.0 = Debug|Any CPU
		{A1760584-B837-4443-A5AB-94F32E3498C1}.Debug|x64.ActiveCfg = Debug|Any CPU
		{A1760584-B837-4443-A5AB-94F32E3498C1}.Debug|x64.Build.0 = Debug|Any CPU
		{A1760584-B837-4443-A5AB-94F32E3498C1}.Debug|x86.ActiveCfg = Debug|Any CPU
		{A1760584-B837-4443-A5AB-94F32E3498C1}.Debug|x86.Build.0 = Debug|Any CPU
		{A1760584-B837-4443-A5AB-94F32E3498C1}.Release|Any CPU.ActiveCfg = Release|Any CPU
		{A1760584-B837-4443-A5AB-94F32E3498C1}.Release|Any CPU.Build.0 = Release|Any CPU
		{A1760584-B837-4443-A5AB-94F32E3498C1}.Release|x64.ActiveCfg = Release|Any CPU
		{A1760584-B837-4443-A5AB-94F32E3498C1}.Release|x64.Build.0 = Release|Any CPU
		{A1760584-B837-4443-A5AB-94F32E3498C1}.Release|x86.ActiveCfg = Release|Any CPU
		{A1760584-B837-4443-A5AB-94F32E3498C1}.Release|x86.Build.0 = Release|Any CPU
	EndGlobalSection
	GlobalSection(SolutionProperties) = preSolution
		HideSolutionNode = FALSE
	EndGlobalSection
EndGlobal
